
Microsoft Visual Studio Solution File, Format Version 12.00
# Visual Studio Version 17
VisualStudioVersion = 17.5.33530.505
MinimumVisualStudioVersion = 10.0.40219.1
Project("{FAE04EC0-301F-11D3-BF4B-00C04F79EFBC}") = "E-Commerce", "E-Commerce\E-Commerce.csproj", "{AEB91BAD-6B04-4D67-BB16-ED4920621E51}"
EndProject
Global
	GlobalSection(SolutionConfigurationPlatforms) = preSolution
		Debug|Any CPU = Debug|Any CPU
		Release|Any CPU = Release|Any CPU
	EndGlobalSection
	GlobalSection(ProjectConfigurationPlatforms) = postSolution
		{AEB91BAD-6B04-4D67-BB16-ED4920621E51}.Debug|Any CPU.ActiveCfg = Debug|Any CPU
		{AEB91BAD-6B04-4D67-BB16-ED4920621E51}.Debug|Any CPU.Build.0 = Debug|Any CPU
		{AEB91BAD-6B04-4D67-BB16-ED4920621E51}.Release|Any CPU.ActiveCfg = Release|Any CPU
		{AEB91BAD-6B04-4D67-BB16-ED4920621E51}.Release|Any CPU.Build.0 = Release|Any CPU
	EndGlobalSection
	GlobalSection(SolutionProperties) = preSolution
		HideSolutionNode = FALSE
	EndGlobalSection
	GlobalSection(ExtensibilityGlobals) = postSolution
		SolutionGuid = {752233A4-C693-42E5-89BA-157F3590F5B3}
	EndGlobalSection
EndGlobal
